// !$*UTF8*$!
{
	archiveVersion = 1;
	classes = {
	};
	objectVersion = 51;
	objects = {

/* Begin PBXBuildFile section */
		2321E248D8028A8730772AEF /* Pods_MyPlaces.framework in Frameworks */ = {isa = PBXBuildFile; fileRef = 2311BE32D1AF232640E4CC0A /* Pods_MyPlaces.framework */; };
		4C083E65248565B10086B807 /* AppDelegate.swift in Sources */ = {isa = PBXBuildFile; fileRef = 4C083E64248565B10086B807 /* AppDelegate.swift */; };
		4C083E67248565B10086B807 /* SceneDelegate.swift in Sources */ = {isa = PBXBuildFile; fileRef = 4C083E66248565B10086B807 /* SceneDelegate.swift */; };
		4C083E6C248565B10086B807 /* Main.storyboard in Resources */ = {isa = PBXBuildFile; fileRef = 4C083E6A248565B10086B807 /* Main.storyboard */; };
		4C083E6E248565B50086B807 /* Assets.xcassets in Resources */ = {isa = PBXBuildFile; fileRef = 4C083E6D248565B50086B807 /* Assets.xcassets */; };
		4C083E71248565B50086B807 /* LaunchScreen.storyboard in Resources */ = {isa = PBXBuildFile; fileRef = 4C083E6F248565B50086B807 /* LaunchScreen.storyboard */; };
		4C083E79248569E10086B807 /* MainViewController.swift in Sources */ = {isa = PBXBuildFile; fileRef = 4C083E78248569E10086B807 /* MainViewController.swift */; };
		4CCDA5452486BF92007921C8 /* StorageManager.swift in Sources */ = {isa = PBXBuildFile; fileRef = 4CCDA5442486BF92007921C8 /* StorageManager.swift */; };
		4CCDA5472487D906007921C8 /* RatingControl.swift in Sources */ = {isa = PBXBuildFile; fileRef = 4CCDA5462487D906007921C8 /* RatingControl.swift */; };
		4CCDA5492488053E007921C8 /* MapViewController.swift in Sources */ = {isa = PBXBuildFile; fileRef = 4CCDA5482488053E007921C8 /* MapViewController.swift */; };
		4CDD8E982486926D008B8072 /* CustomTableViewCell.swift in Sources */ = {isa = PBXBuildFile; fileRef = 4CDD8E972486926D008B8072 /* CustomTableViewCell.swift */; };
		4CDD8E9A2486999E008B8072 /* PlaceModel.swift in Sources */ = {isa = PBXBuildFile; fileRef = 4CDD8E992486999E008B8072 /* PlaceModel.swift */; };
		4CDD8E9C2486A712008B8072 /* NewPlaceViewController.swift in Sources */ = {isa = PBXBuildFile; fileRef = 4CDD8E9B2486A712008B8072 /* NewPlaceViewController.swift */; };
/* End PBXBuildFile section */

/* Begin PBXFileReference section */
		213361D45D854D8EC12ABCA1 /* Pods-MyPlaces.release.xcconfig */ = {isa = PBXFileReference; includeInIndex = 1; lastKnownFileType = text.xcconfig; name = "Pods-MyPlaces.release.xcconfig"; path = "Target Support Files/Pods-MyPlaces/Pods-MyPlaces.release.xcconfig"; sourceTree = "<group>"; };
		2311BE32D1AF232640E4CC0A /* Pods_MyPlaces.framework */ = {isa = PBXFileReference; explicitFileType = wrapper.framework; includeInIndex = 0; path = Pods_MyPlaces.framework; sourceTree = BUILT_PRODUCTS_DIR; };
		4C083E61248565B10086B807 /* MyPlaces.app */ = {isa = PBXFileReference; explicitFileType = wrapper.application; includeInIndex = 0; path = MyPlaces.app; sourceTree = BUILT_PRODUCTS_DIR; };
		4C083E64248565B10086B807 /* AppDelegate.swift */ = {isa = PBXFileReference; lastKnownFileType = sourcecode.swift; path = AppDelegate.swift; sourceTree = "<group>"; };
		4C083E66248565B10086B807 /* SceneDelegate.swift */ = {isa = PBXFileReference; lastKnownFileType = sourcecode.swift; path = SceneDelegate.swift; sourceTree = "<group>"; };
		4C083E6B248565B10086B807 /* Base */ = {isa = PBXFileReference; lastKnownFileType = file.storyboard; name = Base; path = Base.lproj/Main.storyboard; sourceTree = "<group>"; };
		4C083E6D248565B50086B807 /* Assets.xcassets */ = {isa = PBXFileReference; lastKnownFileType = folder.assetcatalog; path = Assets.xcassets; sourceTree = "<group>"; };
		4C083E70248565B50086B807 /* Base */ = {isa = PBXFileReference; lastKnownFileType = file.storyboard; name = Base; path = Base.lproj/LaunchScreen.storyboard; sourceTree = "<group>"; };
		4C083E72248565B50086B807 /* Info.plist */ = {isa = PBXFileReference; lastKnownFileType = text.plist.xml; path = Info.plist; sourceTree = "<group>"; };
		4C083E78248569E10086B807 /* MainViewController.swift */ = {isa = PBXFileReference; lastKnownFileType = sourcecode.swift; path = MainViewController.swift; sourceTree = "<group>"; };
		4CCDA5442486BF92007921C8 /* StorageManager.swift */ = {isa = PBXFileReference; lastKnownFileType = sourcecode.swift; path = StorageManager.swift; sourceTree = "<group>"; };
		4CCDA5462487D906007921C8 /* RatingControl.swift */ = {isa = PBXFileReference; lastKnownFileType = sourcecode.swift; path = RatingControl.swift; sourceTree = "<group>"; };
		4CCDA5482488053E007921C8 /* MapViewController.swift */ = {isa = PBXFileReference; lastKnownFileType = sourcecode.swift; path = MapViewController.swift; sourceTree = "<group>"; };
		4CDD8E972486926D008B8072 /* CustomTableViewCell.swift */ = {isa = PBXFileReference; lastKnownFileType = sourcecode.swift; path = CustomTableViewCell.swift; sourceTree = "<group>"; };
		4CDD8E992486999E008B8072 /* PlaceModel.swift */ = {isa = PBXFileReference; lastKnownFileType = sourcecode.swift; path = PlaceModel.swift; sourceTree = "<group>"; };
		4CDD8E9B2486A712008B8072 /* NewPlaceViewController.swift */ = {isa = PBXFileReference; lastKnownFileType = sourcecode.swift; path = NewPlaceViewController.swift; sourceTree = "<group>"; };
		FA3F45D3B9D25922C4B7861B /* Pods-MyPlaces.debug.xcconfig */ = {isa = PBXFileReference; includeInIndex = 1; lastKnownFileType = text.xcconfig; name = "Pods-MyPlaces.debug.xcconfig"; path = "Target Support Files/Pods-MyPlaces/Pods-MyPlaces.debug.xcconfig"; sourceTree = "<group>"; };
/* End PBXFileReference section */

/* Begin PBXFrameworksBuildPhase section */
		4C083E5E248565B00086B807 /* Frameworks */ = {
			isa = PBXFrameworksBuildPhase;
			buildActionMask = 2147483647;
			files = (
				2321E248D8028A8730772AEF /* Pods_MyPlaces.framework in Frameworks */,
			);
			runOnlyForDeploymentPostprocessing = 0;
		};
/* End PBXFrameworksBuildPhase section */

/* Begin PBXGroup section */
		4C083E58248565B00086B807 = {
			isa = PBXGroup;
			children = (
				4C083E63248565B10086B807 /* MyPlaces */,
				4C083E62248565B10086B807 /* Products */,
				96B1B7C5604C3374E064328F /* Pods */,
				68DF547F20063A18B1495391 /* Frameworks */,
			);
			sourceTree = "<group>";
		};
		4C083E62248565B10086B807 /* Products */ = {
			isa = PBXGroup;
			children = (
				4C083E61248565B10086B807 /* MyPlaces.app */,
			);
			name = Products;
			sourceTree = "<group>";
		};
		4C083E63248565B10086B807 /* MyPlaces */ = {
			isa = PBXGroup;
			children = (
				4C083E64248565B10086B807 /* AppDelegate.swift */,
				4C083E66248565B10086B807 /* SceneDelegate.swift */,
				4C083E78248569E10086B807 /* MainViewController.swift */,
				4CCDA5442486BF92007921C8 /* StorageManager.swift */,
				4CCDA5482488053E007921C8 /* MapViewController.swift */,
				4CDD8E992486999E008B8072 /* PlaceModel.swift */,
				4CDD8E9B2486A712008B8072 /* NewPlaceViewController.swift */,
				4CDD8E972486926D008B8072 /* CustomTableViewCell.swift */,
				4CCDA5462487D906007921C8 /* RatingControl.swift */,
				4C083E6A248565B10086B807 /* Main.storyboard */,
				4C083E6D248565B50086B807 /* Assets.xcassets */,
				4C083E6F248565B50086B807 /* LaunchScreen.storyboard */,
				4C083E72248565B50086B807 /* Info.plist */,
			);
			path = MyPlaces;
			sourceTree = "<group>";
		};
		68DF547F20063A18B1495391 /* Frameworks */ = {
			isa = PBXGroup;
			children = (
				2311BE32D1AF232640E4CC0A /* Pods_MyPlaces.framework */,
			);
			name = Frameworks;
			sourceTree = "<group>";
		};
		96B1B7C5604C3374E064328F /* Pods */ = {
			isa = PBXGroup;
			children = (
				FA3F45D3B9D25922C4B7861B /* Pods-MyPlaces.debug.xcconfig */,
				213361D45D854D8EC12ABCA1 /* Pods-MyPlaces.release.xcconfig */,
			);
			path = Pods;
			sourceTree = "<group>";
		};
/* End PBXGroup section */

/* Begin PBXNativeTarget section */
		4C083E60248565B00086B807 /* MyPlaces */ = {
			isa = PBXNativeTarget;
			buildConfigurationList = 4C083E75248565B50086B807 /* Build configuration list for PBXNativeTarget "MyPlaces" */;
			buildPhases = (
				5A76207FA966C77B043B7B77 /* [CP] Check Pods Manifest.lock */,
				4C083E5D248565B00086B807 /* Sources */,
				4C083E5E248565B00086B807 /* Frameworks */,
				4C083E5F248565B00086B807 /* Resources */,
				5B8EE2B075099BDC8226F61F /* [CP] Embed Pods Frameworks */,
			);
			buildRules = (
			);
			dependencies = (
			);
			name = MyPlaces;
			productName = MyPlaces;
			productReference = 4C083E61248565B10086B807 /* MyPlaces.app */;
			productType = "com.apple.product-type.application";
		};
/* End PBXNativeTarget section */

/* Begin PBXProject section */
		4C083E59248565B00086B807 /* Project object */ = {
			isa = PBXProject;
			attributes = {
				LastSwiftUpdateCheck = 1150;
				LastUpgradeCheck = 1150;
				ORGANIZATIONNAME = "Viktor Olikhovskyi";
				TargetAttributes = {
					4C083E60248565B00086B807 = {
						CreatedOnToolsVersion = 11.5;
					};
				};
			};
			buildConfigurationList = 4C083E5C248565B00086B807 /* Build configuration list for PBXProject "MyPlaces" */;
			compatibilityVersion = "Xcode 9.3";
			developmentRegion = en;
			hasScannedForEncodings = 0;
			knownRegions = (
				en,
				Base,
			);
			mainGroup = 4C083E58248565B00086B807;
			productRefGroup = 4C083E62248565B10086B807 /* Products */;
			projectDirPath = "";
			projectRoot = "";
			targets = (
				4C083E60248565B00086B807 /* MyPlaces */,
			);
		};
/* End PBXProject section */

/* Begin PBXResourcesBuildPhase section */
		4C083E5F248565B00086B807 /* Resources */ = {
			isa = PBXResourcesBuildPhase;
			buildActionMask = 2147483647;
			files = (
				4C083E71248565B50086B807 /* LaunchScreen.storyboard in Resources */,
				4C083E6E248565B50086B807 /* Assets.xcassets in Resources */,
				4C083E6C248565B10086B807 /* Main.storyboard in Resources */,
			);
			runOnlyForDeploymentPostprocessing = 0;
		};
/* End PBXResourcesBuildPhase section */

/* Begin PBXShellScriptBuildPhase section */
		5A76207FA966C77B043B7B77 /* [CP] Check Pods Manifest.lock */ = {
			isa = PBXShellScriptBuildPhase;
			buildActionMask = 2147483647;
			files = (
			);
			inputFileListPaths = (
			);
			inputPaths = (
				"${PODS_PODFILE_DIR_PATH}/Podfile.lock",
				"${PODS_ROOT}/Manifest.lock",
			);
			name = "[CP] Check Pods Manifest.lock";
			outputFileListPaths = (
			);
			outputPaths = (
				"$(DERIVED_FILE_DIR)/Pods-MyPlaces-checkManifestLockResult.txt",
			);
			runOnlyForDeploymentPostprocessing = 0;
			shellPath = /bin/sh;
			shellScript = "diff \"${PODS_PODFILE_DIR_PATH}/Podfile.lock\" \"${PODS_ROOT}/Manifest.lock\" > /dev/null\nif [ $? != 0 ] ; then\n    # print error to STDERR\n    echo \"error: The sandbox is not in sync with the Podfile.lock. Run 'pod install' or update your CocoaPods installation.\" >&2\n    exit 1\nfi\n# This output is used by Xcode 'outputs' to avoid re-running this script phase.\necho \"SUCCESS\" > \"${SCRIPT_OUTPUT_FILE_0}\"\n";
			showEnvVarsInLog = 0;
		};
		5B8EE2B075099BDC8226F61F /* [CP] Embed Pods Frameworks */ = {
			isa = PBXShellScriptBuildPhase;
			buildActionMask = 2147483647;
			files = (
			);
			inputFileListPaths = (
				"${PODS_ROOT}/Target Support Files/Pods-MyPlaces/Pods-MyPlaces-frameworks-${CONFIGURATION}-input-files.xcfilelist",
			);
			name = "[CP] Embed Pods Frameworks";
			outputFileListPaths = (
				"${PODS_ROOT}/Target Support Files/Pods-MyPlaces/Pods-MyPlaces-frameworks-${CONFIGURATION}-output-files.xcfilelist",
			);
			runOnlyForDeploymentPostprocessing = 0;
			shellPath = /bin/sh;
			shellScript = "\"${PODS_ROOT}/Target Support Files/Pods-MyPlaces/Pods-MyPlaces-frameworks.sh\"\n";
			showEnvVarsInLog = 0;
		};
/* End PBXShellScriptBuildPhase section */

/* Begin PBXSourcesBuildPhase section */
		4C083E5D248565B00086B807 /* Sources */ = {
			isa = PBXSourcesBuildPhase;
			buildActionMask = 2147483647;
			files = (
				4C083E79248569E10086B807 /* MainViewController.swift in Sources */,
				4CDD8E9C2486A712008B8072 /* NewPlaceViewController.swift in Sources */,
				4C083E65248565B10086B807 /* AppDelegate.swift in Sources */,
				4CCDA5452486BF92007921C8 /* StorageManager.swift in Sources */,
				4CCDA5492488053E007921C8 /* MapViewController.swift in Sources */,
				4CCDA5472487D906007921C8 /* RatingControl.swift in Sources */,
				4CDD8E9A2486999E008B8072 /* PlaceModel.swift in Sources */,
				4CDD8E982486926D008B8072 /* CustomTableViewCell.swift in Sources */,
				4C083E67248565B10086B807 /* SceneDelegate.swift in Sources */,
			);
			runOnlyForDeploymentPostprocessing = 0;
		};
/* End PBXSourcesBuildPhase section */

/* Begin PBXVariantGroup section */
		4C083E6A248565B10086B807 /* Main.storyboard */ = {
			isa = PBXVariantGroup;
			children = (
				4C083E6B248565B10086B807 /* Base */,
			);
			name = Main.storyboard;
			sourceTree = "<group>";
		};
		4C083E6F248565B50086B807 /* LaunchScreen.storyboard */ = {
			isa = PBXVariantGroup;
			children = (
				4C083E70248565B50086B807 /* Base */,
			);
			name = LaunchScreen.storyboard;
			sourceTree = "<group>";
		};
/* End PBXVariantGroup section */

/* Begin XCBuildConfiguration section */
		4C083E73248565B50086B807 /* Debug */ = {
			isa = XCBuildConfiguration;
			buildSettings = {
				ALWAYS_SEARCH_USER_PATHS = NO;
				CLANG_ANALYZER_NONNULL = YES;
				CLANG_ANALYZER_NUMBER_OBJECT_CONVERSION = YES_AGGRESSIVE;
				CLANG_CXX_LANGUAGE_STANDARD = "gnu++14";
				CLANG_CXX_LIBRARY = "libc++";
				CLANG_ENABLE_MODULES = YES;
				CLANG_ENABLE_OBJC_ARC = YES;
				CLANG_ENABLE_OBJC_WEAK = YES;
				CLANG_WARN_BLOCK_CAPTURE_AUTORELEASING = YES;
				CLANG_WARN_BOOL_CONVERSION = YES;
				CLANG_WARN_COMMA = YES;
				CLANG_WARN_CONSTANT_CONVERSION = YES;
				CLANG_WARN_DEPRECATED_OBJC_IMPLEMENTATIONS = YES;
				CLANG_WARN_DIRECT_OBJC_ISA_USAGE = YES_ERROR;
				CLANG_WARN_DOCUMENTATION_COMMENTS = YES;
				CLANG_WARN_EMPTY_BODY = YES;
				CLANG_WARN_ENUM_CONVERSION = YES;
				CLANG_WARN_INFINITE_RECURSION = YES;
				CLANG_WARN_INT_CONVERSION = YES;
				CLANG_WARN_NON_LITERAL_NULL_CONVERSION = YES;
				CLANG_WARN_OBJC_IMPLICIT_RETAIN_SELF = YES;
				CLANG_WARN_OBJC_LITERAL_CONVERSION = YES;
				CLANG_WARN_OBJC_ROOT_CLASS = YES_ERROR;
				CLANG_WARN_RANGE_LOOP_ANALYSIS = YES;
				CLANG_WARN_STRICT_PROTOTYPES = YES;
				CLANG_WARN_SUSPICIOUS_MOVE = YES;
				CLANG_WARN_UNGUARDED_AVAILABILITY = YES_AGGRESSIVE;
				CLANG_WARN_UNREACHABLE_CODE = YES;
				CLANG_WARN__DUPLICATE_METHOD_MATCH = YES;
				COPY_PHASE_STRIP = NO;
				DEBUG_INFORMATION_FORMAT = dwarf;
				ENABLE_STRICT_OBJC_MSGSEND = YES;
				ENABLE_TESTABILITY = YES;
				GCC_C_LANGUAGE_STANDARD = gnu11;
				GCC_DYNAMIC_NO_PIC = NO;
				GCC_NO_COMMON_BLOCKS = YES;
				GCC_OPTIMIZATION_LEVEL = 0;
				GCC_PREPROCESSOR_DEFINITIONS = (
					"DEBUG=1",
					"$(inherited)",
				);
				GCC_WARN_64_TO_32_BIT_CONVERSION = YES;
				GCC_WARN_ABOUT_RETURN_TYPE = YES_ERROR;
				GCC_WARN_UNDECLARED_SELECTOR = YES;
				GCC_WARN_UNINITIALIZED_AUTOS = YES_AGGRESSIVE;
				GCC_WARN_UNUSED_FUNCTION = YES;
				GCC_WARN_UNUSED_VARIABLE = YES;
				IPHONEOS_DEPLOYMENT_TARGET = 13.5;
				MTL_ENABLE_DEBUG_INFO = INCLUDE_SOURCE;
				MTL_FAST_MATH = YES;
				ONLY_ACTIVE_ARCH = YES;
				SDKROOT = iphoneos;
				SWIFT_ACTIVE_COMPILATION_CONDITIONS = DEBUG;
				SWIFT_OPTIMIZATION_LEVEL = "-Onone";
			};
			name = Debug;
		};
		4C083E74248565B50086B807 /* Release */ = {
			isa = XCBuildConfiguration;
			buildSettings = {
				ALWAYS_SEARCH_USER_PATHS = NO;
				CLANG_ANALYZER_NONNULL = YES;
				CLANG_ANALYZER_NUMBER_OBJECT_CONVERSION = YES_AGGRESSIVE;
				CLANG_CXX_LANGUAGE_STANDARD = "gnu++14";
				CLANG_CXX_LIBRARY = "libc++";
				CLANG_ENABLE_MODULES = YES;
				CLANG_ENABLE_OBJC_ARC = YES;
				CLANG_ENABLE_OBJC_WEAK = YES;
				CLANG_WARN_BLOCK_CAPTURE_AUTORELEASING = YES;
				CLANG_WARN_BOOL_CONVERSION = YES;
				CLANG_WARN_COMMA = YES;
				CLANG_WARN_CONSTANT_CONVERSION = YES;
				CLANG_WARN_DEPRECATED_OBJC_IMPLEMENTATIONS = YES;
				CLANG_WARN_DIRECT_OBJC_ISA_USAGE = YES_ERROR;
				CLANG_WARN_DOCUMENTATION_COMMENTS = YES;
				CLANG_WARN_EMPTY_BODY = YES;
				CLANG_WARN_ENUM_CONVERSION = YES;
				CLANG_WARN_INFINITE_RECURSION = YES;
				CLANG_WARN_INT_CONVERSION = YES;
				CLANG_WARN_NON_LITERAL_NULL_CONVERSION = YES;
				CLANG_WARN_OBJC_IMPLICIT_RETAIN_SELF = YES;
				CLANG_WARN_OBJC_LITERAL_CONVERSION = YES;
				CLANG_WARN_OBJC_ROOT_CLASS = YES_ERROR;
				CLANG_WARN_RANGE_LOOP_ANALYSIS = YES;
				CLANG_WARN_STRICT_PROTOTYPES = YES;
				CLANG_WARN_SUSPICIOUS_MOVE = YES;
				CLANG_WARN_UNGUARDED_AVAILABILITY = YES_AGGRESSIVE;
				CLANG_WARN_UNREACHABLE_CODE = YES;
				CLANG_WARN__DUPLICATE_METHOD_MATCH = YES;
				COPY_PHASE_STRIP = NO;
				DEBUG_INFORMATION_FORMAT = "dwarf-with-dsym";
				ENABLE_NS_ASSERTIONS = NO;
				ENABLE_STRICT_OBJC_MSGSEND = YES;
				GCC_C_LANGUAGE_STANDARD = gnu11;
				GCC_NO_COMMON_BLOCKS = YES;
				GCC_WARN_64_TO_32_BIT_CONVERSION = YES;
				GCC_WARN_ABOUT_RETURN_TYPE = YES_ERROR;
				GCC_WARN_UNDECLARED_SELECTOR = YES;
				GCC_WARN_UNINITIALIZED_AUTOS = YES_AGGRESSIVE;
				GCC_WARN_UNUSED_FUNCTION = YES;
				GCC_WARN_UNUSED_VARIABLE = YES;
				IPHONEOS_DEPLOYMENT_TARGET = 13.5;
				MTL_ENABLE_DEBUG_INFO = NO;
				MTL_FAST_MATH = YES;
				SDKROOT = iphoneos;
				SWIFT_COMPILATION_MODE = wholemodule;
				SWIFT_OPTIMIZATION_LEVEL = "-O";
				VALIDATE_PRODUCT = YES;
			};
			name = Release;
		};
		4C083E76248565B50086B807 /* Debug */ = {
			isa = XCBuildConfiguration;
			baseConfigurationReference = FA3F45D3B9D25922C4B7861B /* Pods-MyPlaces.debug.xcconfig */;
			buildSettings = {
				ASSETCATALOG_COMPILER_APPICON_NAME = AppIcon;
				CODE_SIGN_STYLE = Automatic;
				DEVELOPMENT_TEAM = 2NCR2KH225;
				INFOPLIST_FILE = MyPlaces/Info.plist;
				LD_RUNPATH_SEARCH_PATHS = (
					"$(inherited)",
					"@executable_path/Frameworks",
				);
				PRODUCT_BUNDLE_IDENTIFIER = com.viktorOlikhovskyi.MyPlaces;
				PRODUCT_NAME = "$(TARGET_NAME)";
				SWIFT_VERSION = 5.0;
				TARGETED_DEVICE_FAMILY = "1,2";
			};
			name = Debug;
		};
		4C083E77248565B50086B807 /* Release */ = {
			isa = XCBuildConfiguration;
			baseConfigurationReference = 213361D45D854D8EC12ABCA1 /* Pods-MyPlaces.release.xcconfig */;
			buildSettings = {
				ASSETCATALOG_COMPILER_APPICON_NAME = AppIcon;
				CODE_SIGN_STYLE = Automatic;
				DEVELOPMENT_TEAM = 2NCR2KH225;
				INFOPLIST_FILE = MyPlaces/Info.plist;
				LD_RUNPATH_SEARCH_PATHS = (
					"$(inherited)",
					"@executable_path/Frameworks",
				);
				PRODUCT_BUNDLE_IDENTIFIER = com.viktorOlikhovskyi.MyPlaces;
				PRODUCT_NAME = "$(TARGET_NAME)";
				SWIFT_VERSION = 5.0;
				TARGETED_DEVICE_FAMILY = "1,2";
			};
			name = Release;
		};
/* End XCBuildConfiguration section */

/* Begin XCConfigurationList section */
		4C083E5C248565B00086B807 /* Build configuration list for PBXProject "MyPlaces" */ = {
			isa = XCConfigurationList;
			buildConfigurations = (
				4C083E73248565B50086B807 /* Debug */,
				4C083E74248565B50086B807 /* Release */,
			);
			defaultConfigurationIsVisible = 0;
			defaultConfigurationName = Release;
		};
		4C083E75248565B50086B807 /* Build configuration list for PBXNativeTarget "MyPlaces" */ = {
			isa = XCConfigurationList;
			buildConfigurations = (
				4C083E76248565B50086B807 /* Debug */,
				4C083E77248565B50086B807 /* Release */,
			);
			defaultConfigurationIsVisible = 0;
			defaultConfigurationName = Release;
		};
/* End XCConfigurationList section */
	};
	rootObject = 4C083E59248565B00086B807 /* Project object */;
}
